{
	"name": "chenweiliangVideoView",
	"version": "0.0.1",
	"lockfileVersion": 2,
	"requires": true,
	"packages": {
		"": {
			"name": "chenweiliangVideoView",
			"version": "0.0.1",
			"dependencies": {
				"chenweiliangVideoView": "file:",
				"videoView": "file:"
			}
		},
		"node_modules/chenweiliangVideoView": {
			"resolved": "",
			"link": true
		},
		"node_modules/videoView": {
			"resolved": "",
			"link": true
		}
	},
	"dependencies": {
		"chenweiliangVideoView": {
			"version": "file:",
			"requires": {
				"chenweiliangVideoView": "file:",
				"videoView": "file:"
			}
		},
		"videoView": {
			"version": "file:",
			"requires": {
				"chenweiliangVideoView": "file:",
				"videoView": "file:"
			}
		}
	}
}
